
Microsoft Visual Studio Solution File, Format Version 12.00
# Visual Studio Version 17
VisualStudioVersion = 17.1.32421.90
MinimumVisualStudioVersion = 10.0.40219.1
Project("{FAE04EC0-301F-11D3-BF4B-00C04F79EFBC}") = "KomakoSoft.MVVMToolkit", "KomakoSoft.MVVMToolkit\KomakoSoft.MVVMToolkit.csproj", "{7685D66A-7B04-4A6C-A111-ABA995B0C813}"
EndProject
Global
	GlobalSection(SolutionConfigurationPlatforms) = preSolution
		Debug|Any CPU = Debug|Any CPU
		Release|Any CPU = Release|Any CPU
	EndGlobalSection
	GlobalSection(ProjectConfigurationPlatforms) = postSolution
		{7685D66A-7B04-4A6C-A111-ABA995B0C813}.Debug|Any CPU.ActiveCfg = Debug|Any CPU
		{7685D66A-7B04-4A6C-A111-ABA995B0C813}.Debug|Any CPU.Build.0 = Debug|Any CPU
		{7685D66A-7B04-4A6C-A111-ABA995B0C813}.Release|Any CPU.ActiveCfg = Release|Any CPU
		{7685D66A-7B04-4A6C-A111-ABA995B0C813}.Release|Any CPU.Build.0 = Release|Any CPU
	EndGlobalSection
	GlobalSection(SolutionProperties) = preSolution
		HideSolutionNode = FALSE
	EndGlobalSection
	GlobalSection(ExtensibilityGlobals) = postSolution
		SolutionGuid = {C9409B83-1DC8-4CC6-A079-2ADB7DF3E8A4}
	EndGlobalSection
EndGlobal
